
Microsoft Visual Studio Solution File, Format Version 12.00
# Visual Studio 2013
VisualStudioVersion = 12.0.40629.0
MinimumVisualStudioVersion = 10.0.40219.1
Project("{FAE04EC0-301F-11D3-BF4B-00C04F79EFBC}") = "TaxCalculator.BusinessLogic", "TaxCalculator.BusinessLogic\TaxCalculator.BusinessLogic.csproj", "{63B26702-7C45-4E85-A952-16C2AC6A1503}"
	ProjectSection(ProjectDependencies) = postProject
		{2839BE88-FC22-4362-BCAB-4328CF7D72C2} = {2839BE88-FC22-4362-BCAB-4328CF7D72C2}
	EndProjectSection
EndProject
Project("{FAE04EC0-301F-11D3-BF4B-00C04F79EFBC}") = "TaxCalculator.UI", "TaxCalculator.UI\TaxCalculator.UI.csproj", "{793F8A16-AF9F-4816-ADCA-92179A29CB53}"
	ProjectSection(ProjectDependencies) = postProject
		{2839BE88-FC22-4362-BCAB-4328CF7D72C2} = {2839BE88-FC22-4362-BCAB-4328CF7D72C2}
	EndProjectSection
EndProject
Project("{FAE04EC0-301F-11D3-BF4B-00C04F79EFBC}") = "TaxCalculator.Interfaces", "TaxCalculator.Interfaces\TaxCalculator.Interfaces.csproj", "{2839BE88-FC22-4362-BCAB-4328CF7D72C2}"
EndProject
Global
	GlobalSection(SolutionConfigurationPlatforms) = preSolution
		Debug|Any CPU = Debug|Any CPU
		Release|Any CPU = Release|Any CPU
	EndGlobalSection
	GlobalSection(ProjectConfigurationPlatforms) = postSolution
		{63B26702-7C45-4E85-A952-16C2AC6A1503}.Debug|Any CPU.ActiveCfg = Debug|Any CPU
		{63B26702-7C45-4E85-A952-16C2AC6A1503}.Debug|Any CPU.Build.0 = Debug|Any CPU
		{63B26702-7C45-4E85-A952-16C2AC6A1503}.Release|Any CPU.ActiveCfg = Release|Any CPU
		{63B26702-7C45-4E85-A952-16C2AC6A1503}.Release|Any CPU.Build.0 = Release|Any CPU
		{793F8A16-AF9F-4816-ADCA-92179A29CB53}.Debug|Any CPU.ActiveCfg = Debug|Any CPU
		{793F8A16-AF9F-4816-ADCA-92179A29CB53}.Debug|Any CPU.Build.0 = Debug|Any CPU
		{793F8A16-AF9F-4816-ADCA-92179A29CB53}.Release|Any CPU.ActiveCfg = Release|Any CPU
		{793F8A16-AF9F-4816-ADCA-92179A29CB53}.Release|Any CPU.Build.0 = Release|Any CPU
		{2839BE88-FC22-4362-BCAB-4328CF7D72C2}.Debug|Any CPU.ActiveCfg = Debug|Any CPU
		{2839BE88-FC22-4362-BCAB-4328CF7D72C2}.Debug|Any CPU.Build.0 = Debug|Any CPU
		{2839BE88-FC22-4362-BCAB-4328CF7D72C2}.Release|Any CPU.ActiveCfg = Release|Any CPU
		{2839BE88-FC22-4362-BCAB-4328CF7D72C2}.Release|Any CPU.Build.0 = Release|Any CPU
	EndGlobalSection
	GlobalSection(SolutionProperties) = preSolution
		HideSolutionNode = FALSE
	EndGlobalSection
EndGlobal
